
Microsoft Visual Studio Solution File, Format Version 12.00
# Visual Studio 15
VisualStudioVersion = 15.0.27428.2043
MinimumVisualStudioVersion = 10.0.40219.1
Project("{FAE04EC0-301F-11D3-BF4B-00C04F79EFBC}") = "SportWatchExtractor", "SportWatchExtractor\SportWatchExtractor.csproj", "{ECF5F5FA-4354-4608-87FC-61DF4E72E15A}"
EndProject
Global
	GlobalSection(SolutionConfigurationPlatforms) = preSolution
		Debug|Any CPU = Debug|Any CPU
		Release|Any CPU = Release|Any CPU
	EndGlobalSection
	GlobalSection(ProjectConfigurationPlatforms) = postSolution
		{ECF5F5FA-4354-4608-87FC-61DF4E72E15A}.Debug|Any CPU.ActiveCfg = Debug|Any CPU
		{ECF5F5FA-4354-4608-87FC-61DF4E72E15A}.Debug|Any CPU.Build.0 = Debug|Any CPU
		{ECF5F5FA-4354-4608-87FC-61DF4E72E15A}.Release|Any CPU.ActiveCfg = Release|Any CPU
		{ECF5F5FA-4354-4608-87FC-61DF4E72E15A}.Release|Any CPU.Build.0 = Release|Any CPU
	EndGlobalSection
	GlobalSection(SolutionProperties) = preSolution
		HideSolutionNode = FALSE
	EndGlobalSection
	GlobalSection(ExtensibilityGlobals) = postSolution
		SolutionGuid = {B393E6A7-8961-449E-806C-A3E2FFACDDD4}
	EndGlobalSection
EndGlobal
